// !$*UTF8*$!
{
	archiveVersion = 1;
	classes = {
	};
	objectVersion = 50;
	objects = {

/* Begin PBXBuildFile section */
		C2221A7D288A081900114192 /* NotepadViewController.swift in Sources */ = {isa = PBXBuildFile; fileRef = C2221A7C288A081900114192 /* NotepadViewController.swift */; };
		C2221A7F288A099000114192 /* EntryViewController.swift in Sources */ = {isa = PBXBuildFile; fileRef = C2221A7E288A099000114192 /* EntryViewController.swift */; };
		C2221A81288A0A0700114192 /* ViewController.swift in Sources */ = {isa = PBXBuildFile; fileRef = C2221A80288A0A0700114192 /* ViewController.swift */; };
		C29065BE28871862007E43C8 /* AppDelegate.swift in Sources */ = {isa = PBXBuildFile; fileRef = C29065BD28871862007E43C8 /* AppDelegate.swift */; };
		C29065C028871862007E43C8 /* SceneDelegate.swift in Sources */ = {isa = PBXBuildFile; fileRef = C29065BF28871862007E43C8 /* SceneDelegate.swift */; };
		C29065C528871862007E43C8 /* Main.storyboard in Resources */ = {isa = PBXBuildFile; fileRef = C29065C328871862007E43C8 /* Main.storyboard */; };
		C29065C828871862007E43C8 /* ToDoList.xcdatamodeld in Sources */ = {isa = PBXBuildFile; fileRef = C29065C628871862007E43C8 /* ToDoList.xcdatamodeld */; };
		C29065CA28871864007E43C8 /* Assets.xcassets in Resources */ = {isa = PBXBuildFile; fileRef = C29065C928871864007E43C8 /* Assets.xcassets */; };
		C29065CD28871864007E43C8 /* LaunchScreen.storyboard in Resources */ = {isa = PBXBuildFile; fileRef = C29065CB28871864007E43C8 /* LaunchScreen.storyboard */; };
		C29065D528871BC2007E43C8 /* TableViewController.swift in Sources */ = {isa = PBXBuildFile; fileRef = C29065D428871BC2007E43C8 /* TableViewController.swift */; };
		C29065D728871C7F007E43C8 /* ToDo.swift in Sources */ = {isa = PBXBuildFile; fileRef = C29065D628871C7F007E43C8 /* ToDo.swift */; };
		C29065F92888851B007E43C8 /* AddToDoViewController.swift in Sources */ = {isa = PBXBuildFile; fileRef = C29065F82888851B007E43C8 /* AddToDoViewController.swift */; };
		C29065FB28889D76007E43C8 /* CompleteToDoViewController.swift in Sources */ = {isa = PBXBuildFile; fileRef = C29065FA28889D76007E43C8 /* CompleteToDoViewController.swift */; };
		C2D81CAE2889CC140086882A /* WelcomePageViewController.swift in Sources */ = {isa = PBXBuildFile; fileRef = C2D81CAD2889CC140086882A /* WelcomePageViewController.swift */; };
/* End PBXBuildFile section */

/* Begin PBXFileReference section */
		C2221A7C288A081900114192 /* NotepadViewController.swift */ = {isa = PBXFileReference; lastKnownFileType = sourcecode.swift; path = NotepadViewController.swift; sourceTree = "<group>"; };
		C2221A7E288A099000114192 /* EntryViewController.swift */ = {isa = PBXFileReference; lastKnownFileType = sourcecode.swift; path = EntryViewController.swift; sourceTree = "<group>"; };
		C2221A80288A0A0700114192 /* ViewController.swift */ = {isa = PBXFileReference; lastKnownFileType = sourcecode.swift; path = ViewController.swift; sourceTree = "<group>"; };
		C29065BA28871862007E43C8 /* ToDoList.app */ = {isa = PBXFileReference; explicitFileType = wrapper.application; includeInIndex = 0; path = ToDoList.app; sourceTree = BUILT_PRODUCTS_DIR; };
		C29065BD28871862007E43C8 /* AppDelegate.swift */ = {isa = PBXFileReference; lastKnownFileType = sourcecode.swift; path = AppDelegate.swift; sourceTree = "<group>"; };
		C29065BF28871862007E43C8 /* SceneDelegate.swift */ = {isa = PBXFileReference; lastKnownFileType = sourcecode.swift; path = SceneDelegate.swift; sourceTree = "<group>"; };
		C29065C428871862007E43C8 /* Base */ = {isa = PBXFileReference; lastKnownFileType = file.storyboard; name = Base; path = Base.lproj/Main.storyboard; sourceTree = "<group>"; };
		C29065C728871862007E43C8 /* ToDoList.xcdatamodel */ = {isa = PBXFileReference; lastKnownFileType = wrapper.xcdatamodel; path = ToDoList.xcdatamodel; sourceTree = "<group>"; };
		C29065C928871864007E43C8 /* Assets.xcassets */ = {isa = PBXFileReference; lastKnownFileType = folder.assetcatalog; path = Assets.xcassets; sourceTree = "<group>"; };
		C29065CC28871864007E43C8 /* Base */ = {isa = PBXFileReference; lastKnownFileType = file.storyboard; name = Base; path = Base.lproj/LaunchScreen.storyboard; sourceTree = "<group>"; };
		C29065CE28871864007E43C8 /* Info.plist */ = {isa = PBXFileReference; lastKnownFileType = text.plist.xml; path = Info.plist; sourceTree = "<group>"; };
		C29065D428871BC2007E43C8 /* TableViewController.swift */ = {isa = PBXFileReference; lastKnownFileType = sourcecode.swift; path = TableViewController.swift; sourceTree = "<group>"; };
		C29065D628871C7F007E43C8 /* ToDo.swift */ = {isa = PBXFileReference; lastKnownFileType = sourcecode.swift; path = ToDo.swift; sourceTree = "<group>"; };
		C29065F82888851B007E43C8 /* AddToDoViewController.swift */ = {isa = PBXFileReference; lastKnownFileType = sourcecode.swift; path = AddToDoViewController.swift; sourceTree = "<group>"; };
		C29065FA28889D76007E43C8 /* CompleteToDoViewController.swift */ = {isa = PBXFileReference; lastKnownFileType = sourcecode.swift; path = CompleteToDoViewController.swift; sourceTree = "<group>"; };
		C2D81CAD2889CC140086882A /* WelcomePageViewController.swift */ = {isa = PBXFileReference; lastKnownFileType = sourcecode.swift; path = WelcomePageViewController.swift; sourceTree = "<group>"; };
/* End PBXFileReference section */

/* Begin PBXFrameworksBuildPhase section */
		C29065B728871862007E43C8 /* Frameworks */ = {
			isa = PBXFrameworksBuildPhase;
			buildActionMask = 2147483647;
			files = (
			);
			runOnlyForDeploymentPostprocessing = 0;
		};
/* End PBXFrameworksBuildPhase section */

/* Begin PBXGroup section */
		C29065B128871862007E43C8 = {
			isa = PBXGroup;
			children = (
				C29065BC28871862007E43C8 /* ToDoList */,
				C29065BB28871862007E43C8 /* Products */,
			);
			sourceTree = "<group>";
		};
		C29065BB28871862007E43C8 /* Products */ = {
			isa = PBXGroup;
			children = (
				C29065BA28871862007E43C8 /* ToDoList.app */,
			);
			name = Products;
			sourceTree = "<group>";
		};
		C29065BC28871862007E43C8 /* ToDoList */ = {
			isa = PBXGroup;
			children = (
				C29065BD28871862007E43C8 /* AppDelegate.swift */,
				C29065BF28871862007E43C8 /* SceneDelegate.swift */,
				C29065C328871862007E43C8 /* Main.storyboard */,
				C2221A80288A0A0700114192 /* ViewController.swift */,
				C2221A7E288A099000114192 /* EntryViewController.swift */,
				C2221A7C288A081900114192 /* NotepadViewController.swift */,
				C2D81CAD2889CC140086882A /* WelcomePageViewController.swift */,
				C29065F82888851B007E43C8 /* AddToDoViewController.swift */,
				C29065FA28889D76007E43C8 /* CompleteToDoViewController.swift */,
				C29065D628871C7F007E43C8 /* ToDo.swift */,
				C29065D428871BC2007E43C8 /* TableViewController.swift */,
				C29065C928871864007E43C8 /* Assets.xcassets */,
				C29065CB28871864007E43C8 /* LaunchScreen.storyboard */,
				C29065CE28871864007E43C8 /* Info.plist */,
				C29065C628871862007E43C8 /* ToDoList.xcdatamodeld */,
			);
			path = ToDoList;
			sourceTree = "<group>";
		};
/* End PBXGroup section */

/* Begin PBXNativeTarget section */
		C29065B928871862007E43C8 /* ToDoList */ = {
			isa = PBXNativeTarget;
			buildConfigurationList = C29065D128871864007E43C8 /* Build configuration list for PBXNativeTarget "ToDoList" */;
			buildPhases = (
				C29065B628871862007E43C8 /* Sources */,
				C29065B728871862007E43C8 /* Frameworks */,
				C29065B828871862007E43C8 /* Resources */,
			);
			buildRules = (
			);
			dependencies = (
			);
			name = ToDoList;
			productName = ToDoList;
			productReference = C29065BA28871862007E43C8 /* ToDoList.app */;
			productType = "com.apple.product-type.application";
		};
/* End PBXNativeTarget section */

/* Begin PBXProject section */
		C29065B228871862007E43C8 /* Project object */ = {
			isa = PBXProject;
			attributes = {
				LastSwiftUpdateCheck = 1250;
				LastUpgradeCheck = 1250;
				TargetAttributes = {
					C29065B928871862007E43C8 = {
						CreatedOnToolsVersion = 12.5.1;
					};
				};
			};
			buildConfigurationList = C29065B528871862007E43C8 /* Build configuration list for PBXProject "ToDoList" */;
			compatibilityVersion = "Xcode 9.3";
			developmentRegion = en;
			hasScannedForEncodings = 0;
			knownRegions = (
				en,
				Base,
			);
			mainGroup = C29065B128871862007E43C8;
			productRefGroup = C29065BB28871862007E43C8 /* Products */;
			projectDirPath = "";
			projectRoot = "";
			targets = (
				C29065B928871862007E43C8 /* ToDoList */,
			);
		};
/* End PBXProject section */

/* Begin PBXResourcesBuildPhase section */
		C29065B828871862007E43C8 /* Resources */ = {
			isa = PBXResourcesBuildPhase;
			buildActionMask = 2147483647;
			files = (
				C29065CD28871864007E43C8 /* LaunchScreen.storyboard in Resources */,
				C29065CA28871864007E43C8 /* Assets.xcassets in Resources */,
				C29065C528871862007E43C8 /* Main.storyboard in Resources */,
			);
			runOnlyForDeploymentPostprocessing = 0;
		};
/* End PBXResourcesBuildPhase section */

/* Begin PBXSourcesBuildPhase section */
		C29065B628871862007E43C8 /* Sources */ = {
			isa = PBXSourcesBuildPhase;
			buildActionMask = 2147483647;
			files = (
				C2221A7D288A081900114192 /* NotepadViewController.swift in Sources */,
				C2221A7F288A099000114192 /* EntryViewController.swift in Sources */,
				C29065BE28871862007E43C8 /* AppDelegate.swift in Sources */,
				C29065D728871C7F007E43C8 /* ToDo.swift in Sources */,
				C2221A81288A0A0700114192 /* ViewController.swift in Sources */,
				C2D81CAE2889CC140086882A /* WelcomePageViewController.swift in Sources */,
				C29065C028871862007E43C8 /* SceneDelegate.swift in Sources */,
				C29065FB28889D76007E43C8 /* CompleteToDoViewController.swift in Sources */,
				C29065C828871862007E43C8 /* ToDoList.xcdatamodeld in Sources */,
				C29065F92888851B007E43C8 /* AddToDoViewController.swift in Sources */,
				C29065D528871BC2007E43C8 /* TableViewController.swift in Sources */,
			);
			runOnlyForDeploymentPostprocessing = 0;
		};
/* End PBXSourcesBuildPhase section */

/* Begin PBXVariantGroup section */
		C29065C328871862007E43C8 /* Main.storyboard */ = {
			isa = PBXVariantGroup;
			children = (
				C29065C428871862007E43C8 /* Base */,
			);
			name = Main.storyboard;
			sourceTree = "<group>";
		};
		C29065CB28871864007E43C8 /* LaunchScreen.storyboard */ = {
			isa = PBXVariantGroup;
			children = (
				C29065CC28871864007E43C8 /* Base */,
			);
			name = LaunchScreen.storyboard;
			sourceTree = "<group>";
		};
/* End PBXVariantGroup section */

/* Begin XCBuildConfiguration section */
		C29065CF28871864007E43C8 /* Debug */ = {
			isa = XCBuildConfiguration;
			buildSettings = {
				ALWAYS_SEARCH_USER_PATHS = NO;
				CLANG_ANALYZER_NONNULL = YES;
				CLANG_ANALYZER_NUMBER_OBJECT_CONVERSION = YES_AGGRESSIVE;
				CLANG_CXX_LANGUAGE_STANDARD = "gnu++14";
				CLANG_CXX_LIBRARY = "libc++";
				CLANG_ENABLE_MODULES = YES;
				CLANG_ENABLE_OBJC_ARC = YES;
				CLANG_ENABLE_OBJC_WEAK = YES;
				CLANG_WARN_BLOCK_CAPTURE_AUTORELEASING = YES;
				CLANG_WARN_BOOL_CONVERSION = YES;
				CLANG_WARN_COMMA = YES;
				CLANG_WARN_CONSTANT_CONVERSION = YES;
				CLANG_WARN_DEPRECATED_OBJC_IMPLEMENTATIONS = YES;
				CLANG_WARN_DIRECT_OBJC_ISA_USAGE = YES_ERROR;
				CLANG_WARN_DOCUMENTATION_COMMENTS = YES;
				CLANG_WARN_EMPTY_BODY = YES;
				CLANG_WARN_ENUM_CONVERSION = YES;
				CLANG_WARN_INFINITE_RECURSION = YES;
				CLANG_WARN_INT_CONVERSION = YES;
				CLANG_WARN_NON_LITERAL_NULL_CONVERSION = YES;
				CLANG_WARN_OBJC_IMPLICIT_RETAIN_SELF = YES;
				CLANG_WARN_OBJC_LITERAL_CONVERSION = YES;
				CLANG_WARN_OBJC_ROOT_CLASS = YES_ERROR;
				CLANG_WARN_QUOTED_INCLUDE_IN_FRAMEWORK_HEADER = YES;
				CLANG_WARN_RANGE_LOOP_ANALYSIS = YES;
				CLANG_WARN_STRICT_PROTOTYPES = YES;
				CLANG_WARN_SUSPICIOUS_MOVE = YES;
				CLANG_WARN_UNGUARDED_AVAILABILITY = YES_AGGRESSIVE;
				CLANG_WARN_UNREACHABLE_CODE = YES;
				CLANG_WARN__DUPLICATE_METHOD_MATCH = YES;
				COPY_PHASE_STRIP = NO;
				DEBUG_INFORMATION_FORMAT = dwarf;
				ENABLE_STRICT_OBJC_MSGSEND = YES;
				ENABLE_TESTABILITY = YES;
				GCC_C_LANGUAGE_STANDARD = gnu11;
				GCC_DYNAMIC_NO_PIC = NO;
				GCC_NO_COMMON_BLOCKS = YES;
				GCC_OPTIMIZATION_LEVEL = 0;
				GCC_PREPROCESSOR_DEFINITIONS = (
					"DEBUG=1",
					"$(inherited)",
				);
				GCC_WARN_64_TO_32_BIT_CONVERSION = YES;
				GCC_WARN_ABOUT_RETURN_TYPE = YES_ERROR;
				GCC_WARN_UNDECLARED_SELECTOR = YES;
				GCC_WARN_UNINITIALIZED_AUTOS = YES_AGGRESSIVE;
				GCC_WARN_UNUSED_FUNCTION = YES;
				GCC_WARN_UNUSED_VARIABLE = YES;
				IPHONEOS_DEPLOYMENT_TARGET = 14.5;
				MTL_ENABLE_DEBUG_INFO = INCLUDE_SOURCE;
				MTL_FAST_MATH = YES;
				ONLY_ACTIVE_ARCH = YES;
				SDKROOT = iphoneos;
				SWIFT_ACTIVE_COMPILATION_CONDITIONS = DEBUG;
				SWIFT_OPTIMIZATION_LEVEL = "-Onone";
			};
			name = Debug;
		};
		C29065D028871864007E43C8 /* Release */ = {
			isa = XCBuildConfiguration;
			buildSettings = {
				ALWAYS_SEARCH_USER_PATHS = NO;
				CLANG_ANALYZER_NONNULL = YES;
				CLANG_ANALYZER_NUMBER_OBJECT_CONVERSION = YES_AGGRESSIVE;
				CLANG_CXX_LANGUAGE_STANDARD = "gnu++14";
				CLANG_CXX_LIBRARY = "libc++";
				CLANG_ENABLE_MODULES = YES;
				CLANG_ENABLE_OBJC_ARC = YES;
				CLANG_ENABLE_OBJC_WEAK = YES;
				CLANG_WARN_BLOCK_CAPTURE_AUTORELEASING = YES;
				CLANG_WARN_BOOL_CONVERSION = YES;
				CLANG_WARN_COMMA = YES;
				CLANG_WARN_CONSTANT_CONVERSION = YES;
				CLANG_WARN_DEPRECATED_OBJC_IMPLEMENTATIONS = YES;
				CLANG_WARN_DIRECT_OBJC_ISA_USAGE = YES_ERROR;
				CLANG_WARN_DOCUMENTATION_COMMENTS = YES;
				CLANG_WARN_EMPTY_BODY = YES;
				CLANG_WARN_ENUM_CONVERSION = YES;
				CLANG_WARN_INFINITE_RECURSION = YES;
				CLANG_WARN_INT_CONVERSION = YES;
				CLANG_WARN_NON_LITERAL_NULL_CONVERSION = YES;
				CLANG_WARN_OBJC_IMPLICIT_RETAIN_SELF = YES;
				CLANG_WARN_OBJC_LITERAL_CONVERSION = YES;
				CLANG_WARN_OBJC_ROOT_CLASS = YES_ERROR;
				CLANG_WARN_QUOTED_INCLUDE_IN_FRAMEWORK_HEADER = YES;
				CLANG_WARN_RANGE_LOOP_ANALYSIS = YES;
				CLANG_WARN_STRICT_PROTOTYPES = YES;
				CLANG_WARN_SUSPICIOUS_MOVE = YES;
				CLANG_WARN_UNGUARDED_AVAILABILITY = YES_AGGRESSIVE;
				CLANG_WARN_UNREACHABLE_CODE = YES;
				CLANG_WARN__DUPLICATE_METHOD_MATCH = YES;
				COPY_PHASE_STRIP = NO;
				DEBUG_INFORMATION_FORMAT = "dwarf-with-dsym";
				ENABLE_NS_ASSERTIONS = NO;
				ENABLE_STRICT_OBJC_MSGSEND = YES;
				GCC_C_LANGUAGE_STANDARD = gnu11;
				GCC_NO_COMMON_BLOCKS = YES;
				GCC_WARN_64_TO_32_BIT_CONVERSION = YES;
				GCC_WARN_ABOUT_RETURN_TYPE = YES_ERROR;
				GCC_WARN_UNDECLARED_SELECTOR = YES;
				GCC_WARN_UNINITIALIZED_AUTOS = YES_AGGRESSIVE;
				GCC_WARN_UNUSED_FUNCTION = YES;
				GCC_WARN_UNUSED_VARIABLE = YES;
				IPHONEOS_DEPLOYMENT_TARGET = 14.5;
				MTL_ENABLE_DEBUG_INFO = NO;
				MTL_FAST_MATH = YES;
				SDKROOT = iphoneos;
				SWIFT_COMPILATION_MODE = wholemodule;
				SWIFT_OPTIMIZATION_LEVEL = "-O";
				VALIDATE_PRODUCT = YES;
			};
			name = Release;
		};
		C29065D228871864007E43C8 /* Debug */ = {
			isa = XCBuildConfiguration;
			buildSettings = {
				ASSETCATALOG_COMPILER_APPICON_NAME = AppIcon;
				ASSETCATALOG_COMPILER_GLOBAL_ACCENT_COLOR_NAME = AccentColor;
				CODE_SIGN_STYLE = Automatic;
				DEVELOPMENT_TEAM = PC5C5HV9GK;
				INFOPLIST_FILE = ToDoList/Info.plist;
				LD_RUNPATH_SEARCH_PATHS = (
					"$(inherited)",
					"@executable_path/Frameworks",
				);
				PRODUCT_BUNDLE_IDENTIFIER = KWK3.3.ToDoList;
				PRODUCT_NAME = "$(TARGET_NAME)";
				SWIFT_VERSION = 5.0;
				TARGETED_DEVICE_FAMILY = "1,2";
			};
			name = Debug;
		};
		C29065D328871864007E43C8 /* Release */ = {
			isa = XCBuildConfiguration;
			buildSettings = {
				ASSETCATALOG_COMPILER_APPICON_NAME = AppIcon;
				ASSETCATALOG_COMPILER_GLOBAL_ACCENT_COLOR_NAME = AccentColor;
				CODE_SIGN_STYLE = Automatic;
				DEVELOPMENT_TEAM = PC5C5HV9GK;
				INFOPLIST_FILE = ToDoList/Info.plist;
				LD_RUNPATH_SEARCH_PATHS = (
					"$(inherited)",
					"@executable_path/Frameworks",
				);
				PRODUCT_BUNDLE_IDENTIFIER = KWK3.3.ToDoList;
				PRODUCT_NAME = "$(TARGET_NAME)";
				SWIFT_VERSION = 5.0;
				TARGETED_DEVICE_FAMILY = "1,2";
			};
			name = Release;
		};
/* End XCBuildConfiguration section */

/* Begin XCConfigurationList section */
		C29065B528871862007E43C8 /* Build configuration list for PBXProject "ToDoList" */ = {
			isa = XCConfigurationList;
			buildConfigurations = (
				C29065CF28871864007E43C8 /* Debug */,
				C29065D028871864007E43C8 /* Release */,
			);
			defaultConfigurationIsVisible = 0;
			defaultConfigurationName = Release;
		};
		C29065D128871864007E43C8 /* Build configuration list for PBXNativeTarget "ToDoList" */ = {
			isa = XCConfigurationList;
			buildConfigurations = (
				C29065D228871864007E43C8 /* Debug */,
				C29065D328871864007E43C8 /* Release */,
			);
			defaultConfigurationIsVisible = 0;
			defaultConfigurationName = Release;
		};
/* End XCConfigurationList section */

/* Begin XCVersionGroup section */
		C29065C628871862007E43C8 /* ToDoList.xcdatamodeld */ = {
			isa = XCVersionGroup;
			children = (
				C29065C728871862007E43C8 /* ToDoList.xcdatamodel */,
			);
			currentVersion = C29065C728871862007E43C8 /* ToDoList.xcdatamodel */;
			path = ToDoList.xcdatamodeld;
			sourceTree = "<group>";
			versionGroupType = wrapper.xcdatamodel;
		};
/* End XCVersionGroup section */
	};
	rootObject = C29065B228871862007E43C8 /* Project object */;
}
